// !$*UTF8*$!
{
	archiveVersion = 1;
	classes = {
	};
	objectVersion = 56;
	objects = {

/* Begin PBXBuildFile section */
		F6E573017D9A86AE4188F657 /* Pods_DrinkWhat.framework in Frameworks */ = {isa = PBXBuildFile; fileRef = 5FB21740431A239E7B61383D /* Pods_DrinkWhat.framework */; };
		FA7179332A3A9DF7002C407C /* AppDelegate.swift in Sources */ = {isa = PBXBuildFile; fileRef = FA7179322A3A9DF7002C407C /* AppDelegate.swift */; };
		FA7179352A3A9DF7002C407C /* SceneDelegate.swift in Sources */ = {isa = PBXBuildFile; fileRef = FA7179342A3A9DF7002C407C /* SceneDelegate.swift */; };
		FA7179372A3A9DF7002C407C /* HomeViewController.swift in Sources */ = {isa = PBXBuildFile; fileRef = FA7179362A3A9DF7002C407C /* HomeViewController.swift */; };
		FA71793A2A3A9DF7002C407C /* Main.storyboard in Resources */ = {isa = PBXBuildFile; fileRef = FA7179382A3A9DF7002C407C /* Main.storyboard */; };
		FA71793C2A3A9DF8002C407C /* Assets.xcassets in Resources */ = {isa = PBXBuildFile; fileRef = FA71793B2A3A9DF8002C407C /* Assets.xcassets */; };
		FA71793F2A3A9DF8002C407C /* LaunchScreen.storyboard in Resources */ = {isa = PBXBuildFile; fileRef = FA71793D2A3A9DF8002C407C /* LaunchScreen.storyboard */; };
		FA71794A2A3AB994002C407C /* TabBarViewController.swift in Sources */ = {isa = PBXBuildFile; fileRef = FA7179492A3AB994002C407C /* TabBarViewController.swift */; };
		FA71794E2A3ABB8A002C407C /* FavoriteViewController.swift in Sources */ = {isa = PBXBuildFile; fileRef = FA71794D2A3ABB8A002C407C /* FavoriteViewController.swift */; };
		FA7179502A3ABC46002C407C /* VoteViewController.swift in Sources */ = {isa = PBXBuildFile; fileRef = FA71794F2A3ABC46002C407C /* VoteViewController.swift */; };
		FA7179522A3ABC99002C407C /* OrderViewController.swift in Sources */ = {isa = PBXBuildFile; fileRef = FA7179512A3ABC99002C407C /* OrderViewController.swift */; };
		FA7179542A3ABD01002C407C /* ProfileViewController.swift in Sources */ = {isa = PBXBuildFile; fileRef = FA7179532A3ABD01002C407C /* ProfileViewController.swift */; };
		FA7179562A3AE557002C407C /* VoteCell.swift in Sources */ = {isa = PBXBuildFile; fileRef = FA7179552A3AE557002C407C /* VoteCell.swift */; };
		FA7179592A3AEBDA002C407C /* UIFont+Extension.swift in Sources */ = {isa = PBXBuildFile; fileRef = FA7179582A3AEBDA002C407C /* UIFont+Extension.swift */; };
		FA71795C2A3C0B91002C407C /* UIColor+Extension.swift in Sources */ = {isa = PBXBuildFile; fileRef = FA71795B2A3C0B91002C407C /* UIColor+Extension.swift */; };
		FA71795E2A3C13BB002C407C /* ShopListToVoteViewController.swift in Sources */ = {isa = PBXBuildFile; fileRef = FA71795D2A3C13BB002C407C /* ShopListToVoteViewController.swift */; };
		FA7179602A3C141A002C407C /* ShopListToVoteCell.swift in Sources */ = {isa = PBXBuildFile; fileRef = FA71795F2A3C1419002C407C /* ShopListToVoteCell.swift */; };
		FA7179632A3C545C002C407C /* DWTNavigationController.swift in Sources */ = {isa = PBXBuildFile; fileRef = FA7179622A3C545C002C407C /* DWTNavigationController.swift */; };
/* End PBXBuildFile section */

/* Begin PBXFileReference section */
		30934C47FEC6CC2DA01CFD4E /* Pods-DrinkWhat.release.xcconfig */ = {isa = PBXFileReference; includeInIndex = 1; lastKnownFileType = text.xcconfig; name = "Pods-DrinkWhat.release.xcconfig"; path = "Target Support Files/Pods-DrinkWhat/Pods-DrinkWhat.release.xcconfig"; sourceTree = "<group>"; };
		5FB21740431A239E7B61383D /* Pods_DrinkWhat.framework */ = {isa = PBXFileReference; explicitFileType = wrapper.framework; includeInIndex = 0; path = Pods_DrinkWhat.framework; sourceTree = BUILT_PRODUCTS_DIR; };
		DEE07C5BA30E83A3E151349C /* Pods-DrinkWhat.debug.xcconfig */ = {isa = PBXFileReference; includeInIndex = 1; lastKnownFileType = text.xcconfig; name = "Pods-DrinkWhat.debug.xcconfig"; path = "Target Support Files/Pods-DrinkWhat/Pods-DrinkWhat.debug.xcconfig"; sourceTree = "<group>"; };
		FA71792F2A3A9DF7002C407C /* DrinkWhat.app */ = {isa = PBXFileReference; explicitFileType = wrapper.application; includeInIndex = 0; path = DrinkWhat.app; sourceTree = BUILT_PRODUCTS_DIR; };
		FA7179322A3A9DF7002C407C /* AppDelegate.swift */ = {isa = PBXFileReference; lastKnownFileType = sourcecode.swift; path = AppDelegate.swift; sourceTree = "<group>"; };
		FA7179342A3A9DF7002C407C /* SceneDelegate.swift */ = {isa = PBXFileReference; lastKnownFileType = sourcecode.swift; path = SceneDelegate.swift; sourceTree = "<group>"; };
		FA7179362A3A9DF7002C407C /* HomeViewController.swift */ = {isa = PBXFileReference; lastKnownFileType = sourcecode.swift; path = HomeViewController.swift; sourceTree = "<group>"; };
		FA7179392A3A9DF7002C407C /* Base */ = {isa = PBXFileReference; lastKnownFileType = file.storyboard; name = Base; path = Base.lproj/Main.storyboard; sourceTree = "<group>"; };
		FA71793B2A3A9DF8002C407C /* Assets.xcassets */ = {isa = PBXFileReference; lastKnownFileType = folder.assetcatalog; path = Assets.xcassets; sourceTree = "<group>"; };
		FA71793E2A3A9DF8002C407C /* Base */ = {isa = PBXFileReference; lastKnownFileType = file.storyboard; name = Base; path = Base.lproj/LaunchScreen.storyboard; sourceTree = "<group>"; };
		FA7179402A3A9DF8002C407C /* Info.plist */ = {isa = PBXFileReference; lastKnownFileType = text.plist.xml; path = Info.plist; sourceTree = "<group>"; };
		FA7179492A3AB994002C407C /* TabBarViewController.swift */ = {isa = PBXFileReference; lastKnownFileType = sourcecode.swift; path = TabBarViewController.swift; sourceTree = "<group>"; };
		FA71794D2A3ABB8A002C407C /* FavoriteViewController.swift */ = {isa = PBXFileReference; lastKnownFileType = sourcecode.swift; path = FavoriteViewController.swift; sourceTree = "<group>"; };
		FA71794F2A3ABC46002C407C /* VoteViewController.swift */ = {isa = PBXFileReference; lastKnownFileType = sourcecode.swift; path = VoteViewController.swift; sourceTree = "<group>"; };
		FA7179512A3ABC99002C407C /* OrderViewController.swift */ = {isa = PBXFileReference; lastKnownFileType = sourcecode.swift; path = OrderViewController.swift; sourceTree = "<group>"; };
		FA7179532A3ABD01002C407C /* ProfileViewController.swift */ = {isa = PBXFileReference; lastKnownFileType = sourcecode.swift; path = ProfileViewController.swift; sourceTree = "<group>"; };
		FA7179552A3AE557002C407C /* VoteCell.swift */ = {isa = PBXFileReference; lastKnownFileType = sourcecode.swift; path = VoteCell.swift; sourceTree = "<group>"; };
		FA7179582A3AEBDA002C407C /* UIFont+Extension.swift */ = {isa = PBXFileReference; lastKnownFileType = sourcecode.swift; path = "UIFont+Extension.swift"; sourceTree = "<group>"; };
		FA71795B2A3C0B91002C407C /* UIColor+Extension.swift */ = {isa = PBXFileReference; lastKnownFileType = sourcecode.swift; path = "UIColor+Extension.swift"; sourceTree = "<group>"; };
		FA71795D2A3C13BB002C407C /* ShopListToVoteViewController.swift */ = {isa = PBXFileReference; lastKnownFileType = sourcecode.swift; path = ShopListToVoteViewController.swift; sourceTree = "<group>"; };
		FA71795F2A3C1419002C407C /* ShopListToVoteCell.swift */ = {isa = PBXFileReference; lastKnownFileType = sourcecode.swift; path = ShopListToVoteCell.swift; sourceTree = "<group>"; };
		FA7179622A3C545C002C407C /* DWTNavigationController.swift */ = {isa = PBXFileReference; lastKnownFileType = sourcecode.swift; path = DWTNavigationController.swift; sourceTree = "<group>"; };
/* End PBXFileReference section */

/* Begin PBXFrameworksBuildPhase section */
		FA71792C2A3A9DF7002C407C /* Frameworks */ = {
			isa = PBXFrameworksBuildPhase;
			buildActionMask = 2147483647;
			files = (
				F6E573017D9A86AE4188F657 /* Pods_DrinkWhat.framework in Frameworks */,
			);
			runOnlyForDeploymentPostprocessing = 0;
		};
/* End PBXFrameworksBuildPhase section */

/* Begin PBXGroup section */
		3AD0BE5E59915E3EB1FDE8E8 /* Frameworks */ = {
			isa = PBXGroup;
			children = (
				5FB21740431A239E7B61383D /* Pods_DrinkWhat.framework */,
			);
			name = Frameworks;
			sourceTree = "<group>";
		};
		5B5BC68516A741A3245C0504 /* Pods */ = {
			isa = PBXGroup;
			children = (
				DEE07C5BA30E83A3E151349C /* Pods-DrinkWhat.debug.xcconfig */,
				30934C47FEC6CC2DA01CFD4E /* Pods-DrinkWhat.release.xcconfig */,
			);
			path = Pods;
			sourceTree = "<group>";
		};
		FA7179262A3A9DF7002C407C = {
			isa = PBXGroup;
			children = (
				FA7179312A3A9DF7002C407C /* DrinkWhat */,
				FA7179302A3A9DF7002C407C /* Products */,
				5B5BC68516A741A3245C0504 /* Pods */,
				3AD0BE5E59915E3EB1FDE8E8 /* Frameworks */,
			);
			sourceTree = "<group>";
		};
		FA7179302A3A9DF7002C407C /* Products */ = {
			isa = PBXGroup;
			children = (
				FA71792F2A3A9DF7002C407C /* DrinkWhat.app */,
			);
			name = Products;
			sourceTree = "<group>";
		};
		FA7179312A3A9DF7002C407C /* DrinkWhat */ = {
			isa = PBXGroup;
			children = (
				FA7179612A3C543D002C407C /* Base */,
				FA7179322A3A9DF7002C407C /* AppDelegate.swift */,
				FA7179342A3A9DF7002C407C /* SceneDelegate.swift */,
				FA7179572A3AEB22002C407C /* Extension */,
				FA71795A2A3AED81002C407C /* VotePage */,
				FA7179362A3A9DF7002C407C /* HomeViewController.swift */,
				FA71794D2A3ABB8A002C407C /* FavoriteViewController.swift */,
				FA7179512A3ABC99002C407C /* OrderViewController.swift */,
				FA7179532A3ABD01002C407C /* ProfileViewController.swift */,
				FA7179382A3A9DF7002C407C /* Main.storyboard */,
				FA71793B2A3A9DF8002C407C /* Assets.xcassets */,
				FA71793D2A3A9DF8002C407C /* LaunchScreen.storyboard */,
				FA7179402A3A9DF8002C407C /* Info.plist */,
			);
			path = DrinkWhat;
			sourceTree = "<group>";
		};
		FA7179572A3AEB22002C407C /* Extension */ = {
			isa = PBXGroup;
			children = (
				FA7179582A3AEBDA002C407C /* UIFont+Extension.swift */,
				FA71795B2A3C0B91002C407C /* UIColor+Extension.swift */,
			);
			path = Extension;
			sourceTree = "<group>";
		};
		FA71795A2A3AED81002C407C /* VotePage */ = {
			isa = PBXGroup;
			children = (
				FA71794F2A3ABC46002C407C /* VoteViewController.swift */,
				FA71795D2A3C13BB002C407C /* ShopListToVoteViewController.swift */,
				FA7179552A3AE557002C407C /* VoteCell.swift */,
				FA71795F2A3C1419002C407C /* ShopListToVoteCell.swift */,
			);
			path = VotePage;
			sourceTree = "<group>";
		};
		FA7179612A3C543D002C407C /* Base */ = {
			isa = PBXGroup;
			children = (
				FA7179622A3C545C002C407C /* DWTNavigationController.swift */,
				FA7179492A3AB994002C407C /* TabBarViewController.swift */,
			);
			path = Base;
			sourceTree = "<group>";
		};
/* End PBXGroup section */

/* Begin PBXNativeTarget section */
		FA71792E2A3A9DF7002C407C /* DrinkWhat */ = {
			isa = PBXNativeTarget;
			buildConfigurationList = FA7179432A3A9DF8002C407C /* Build configuration list for PBXNativeTarget "DrinkWhat" */;
			buildPhases = (
				CF81744533F0901C6A76A8CE /* [CP] Check Pods Manifest.lock */,
				FA71792B2A3A9DF7002C407C /* Sources */,
				FA71792C2A3A9DF7002C407C /* Frameworks */,
				FA71792D2A3A9DF7002C407C /* Resources */,
				FA7179462A3AA7EA002C407C /* ShellScript */,
			);
			buildRules = (
			);
			dependencies = (
			);
			name = DrinkWhat;
			productName = DrinkWhat;
			productReference = FA71792F2A3A9DF7002C407C /* DrinkWhat.app */;
			productType = "com.apple.product-type.application";
		};
/* End PBXNativeTarget section */

/* Begin PBXProject section */
		FA7179272A3A9DF7002C407C /* Project object */ = {
			isa = PBXProject;
			attributes = {
				BuildIndependentTargetsInParallel = 1;
				LastSwiftUpdateCheck = 1430;
				LastUpgradeCheck = 1430;
				TargetAttributes = {
					FA71792E2A3A9DF7002C407C = {
						CreatedOnToolsVersion = 14.3;
					};
				};
			};
			buildConfigurationList = FA71792A2A3A9DF7002C407C /* Build configuration list for PBXProject "DrinkWhat" */;
			compatibilityVersion = "Xcode 14.0";
			developmentRegion = en;
			hasScannedForEncodings = 0;
			knownRegions = (
				en,
				Base,
			);
			mainGroup = FA7179262A3A9DF7002C407C;
			productRefGroup = FA7179302A3A9DF7002C407C /* Products */;
			projectDirPath = "";
			projectRoot = "";
			targets = (
				FA71792E2A3A9DF7002C407C /* DrinkWhat */,
			);
		};
/* End PBXProject section */

/* Begin PBXResourcesBuildPhase section */
		FA71792D2A3A9DF7002C407C /* Resources */ = {
			isa = PBXResourcesBuildPhase;
			buildActionMask = 2147483647;
			files = (
				FA71793F2A3A9DF8002C407C /* LaunchScreen.storyboard in Resources */,
				FA71793C2A3A9DF8002C407C /* Assets.xcassets in Resources */,
				FA71793A2A3A9DF7002C407C /* Main.storyboard in Resources */,
			);
			runOnlyForDeploymentPostprocessing = 0;
		};
/* End PBXResourcesBuildPhase section */

/* Begin PBXShellScriptBuildPhase section */
		CF81744533F0901C6A76A8CE /* [CP] Check Pods Manifest.lock */ = {
			isa = PBXShellScriptBuildPhase;
			buildActionMask = 2147483647;
			files = (
			);
			inputFileListPaths = (
			);
			inputPaths = (
				"${PODS_PODFILE_DIR_PATH}/Podfile.lock",
				"${PODS_ROOT}/Manifest.lock",
			);
			name = "[CP] Check Pods Manifest.lock";
			outputFileListPaths = (
			);
			outputPaths = (
				"$(DERIVED_FILE_DIR)/Pods-DrinkWhat-checkManifestLockResult.txt",
			);
			runOnlyForDeploymentPostprocessing = 0;
			shellPath = /bin/sh;
			shellScript = "diff \"${PODS_PODFILE_DIR_PATH}/Podfile.lock\" \"${PODS_ROOT}/Manifest.lock\" > /dev/null\nif [ $? != 0 ] ; then\n    # print error to STDERR\n    echo \"error: The sandbox is not in sync with the Podfile.lock. Run 'pod install' or update your CocoaPods installation.\" >&2\n    exit 1\nfi\n# This output is used by Xcode 'outputs' to avoid re-running this script phase.\necho \"SUCCESS\" > \"${SCRIPT_OUTPUT_FILE_0}\"\n";
			showEnvVarsInLog = 0;
		};
		FA7179462A3AA7EA002C407C /* ShellScript */ = {
			isa = PBXShellScriptBuildPhase;
			alwaysOutOfDate = 1;
			buildActionMask = 2147483647;
			files = (
			);
			inputFileListPaths = (
			);
			inputPaths = (
			);
			outputFileListPaths = (
			);
			outputPaths = (
			);
			runOnlyForDeploymentPostprocessing = 0;
			shellPath = /bin/sh;
			shellScript = "# Type a script or drag a script file from your workspace to insert its path.\n${PODS_ROOT}/SwiftLint/swiftlint\n";
		};
/* End PBXShellScriptBuildPhase section */

/* Begin PBXSourcesBuildPhase section */
		FA71792B2A3A9DF7002C407C /* Sources */ = {
			isa = PBXSourcesBuildPhase;
			buildActionMask = 2147483647;
			files = (
				FA7179562A3AE557002C407C /* VoteCell.swift in Sources */,
				FA71794A2A3AB994002C407C /* TabBarViewController.swift in Sources */,
				FA7179502A3ABC46002C407C /* VoteViewController.swift in Sources */,
				FA71795E2A3C13BB002C407C /* ShopListToVoteViewController.swift in Sources */,
				FA7179602A3C141A002C407C /* ShopListToVoteCell.swift in Sources */,
				FA71795C2A3C0B91002C407C /* UIColor+Extension.swift in Sources */,
				FA7179372A3A9DF7002C407C /* HomeViewController.swift in Sources */,
				FA7179332A3A9DF7002C407C /* AppDelegate.swift in Sources */,
				FA71794E2A3ABB8A002C407C /* FavoriteViewController.swift in Sources */,
				FA7179352A3A9DF7002C407C /* SceneDelegate.swift in Sources */,
				FA7179542A3ABD01002C407C /* ProfileViewController.swift in Sources */,
				FA7179592A3AEBDA002C407C /* UIFont+Extension.swift in Sources */,
				FA7179522A3ABC99002C407C /* OrderViewController.swift in Sources */,
				FA7179632A3C545C002C407C /* DWTNavigationController.swift in Sources */,
			);
			runOnlyForDeploymentPostprocessing = 0;
		};
/* End PBXSourcesBuildPhase section */

/* Begin PBXVariantGroup section */
		FA7179382A3A9DF7002C407C /* Main.storyboard */ = {
			isa = PBXVariantGroup;
			children = (
				FA7179392A3A9DF7002C407C /* Base */,
			);
			name = Main.storyboard;
			sourceTree = "<group>";
		};
		FA71793D2A3A9DF8002C407C /* LaunchScreen.storyboard */ = {
			isa = PBXVariantGroup;
			children = (
				FA71793E2A3A9DF8002C407C /* Base */,
			);
			name = LaunchScreen.storyboard;
			sourceTree = "<group>";
		};
/* End PBXVariantGroup section */

/* Begin XCBuildConfiguration section */
		FA7179412A3A9DF8002C407C /* Debug */ = {
			isa = XCBuildConfiguration;
			buildSettings = {
				ALWAYS_SEARCH_USER_PATHS = NO;
				CLANG_ANALYZER_NONNULL = YES;
				CLANG_ANALYZER_NUMBER_OBJECT_CONVERSION = YES_AGGRESSIVE;
				CLANG_CXX_LANGUAGE_STANDARD = "gnu++20";
				CLANG_ENABLE_MODULES = YES;
				CLANG_ENABLE_OBJC_ARC = YES;
				CLANG_ENABLE_OBJC_WEAK = YES;
				CLANG_WARN_BLOCK_CAPTURE_AUTORELEASING = YES;
				CLANG_WARN_BOOL_CONVERSION = YES;
				CLANG_WARN_COMMA = YES;
				CLANG_WARN_CONSTANT_CONVERSION = YES;
				CLANG_WARN_DEPRECATED_OBJC_IMPLEMENTATIONS = YES;
				CLANG_WARN_DIRECT_OBJC_ISA_USAGE = YES_ERROR;
				CLANG_WARN_DOCUMENTATION_COMMENTS = YES;
				CLANG_WARN_EMPTY_BODY = YES;
				CLANG_WARN_ENUM_CONVERSION = YES;
				CLANG_WARN_INFINITE_RECURSION = YES;
				CLANG_WARN_INT_CONVERSION = YES;
				CLANG_WARN_NON_LITERAL_NULL_CONVERSION = YES;
				CLANG_WARN_OBJC_IMPLICIT_RETAIN_SELF = YES;
				CLANG_WARN_OBJC_LITERAL_CONVERSION = YES;
				CLANG_WARN_OBJC_ROOT_CLASS = YES_ERROR;
				CLANG_WARN_QUOTED_INCLUDE_IN_FRAMEWORK_HEADER = YES;
				CLANG_WARN_RANGE_LOOP_ANALYSIS = YES;
				CLANG_WARN_STRICT_PROTOTYPES = YES;
				CLANG_WARN_SUSPICIOUS_MOVE = YES;
				CLANG_WARN_UNGUARDED_AVAILABILITY = YES_AGGRESSIVE;
				CLANG_WARN_UNREACHABLE_CODE = YES;
				CLANG_WARN__DUPLICATE_METHOD_MATCH = YES;
				COPY_PHASE_STRIP = NO;
				DEBUG_INFORMATION_FORMAT = dwarf;
				ENABLE_STRICT_OBJC_MSGSEND = YES;
				ENABLE_TESTABILITY = YES;
				GCC_C_LANGUAGE_STANDARD = gnu11;
				GCC_DYNAMIC_NO_PIC = NO;
				GCC_NO_COMMON_BLOCKS = YES;
				GCC_OPTIMIZATION_LEVEL = 0;
				GCC_PREPROCESSOR_DEFINITIONS = (
					"DEBUG=1",
					"$(inherited)",
				);
				GCC_WARN_64_TO_32_BIT_CONVERSION = YES;
				GCC_WARN_ABOUT_RETURN_TYPE = YES_ERROR;
				GCC_WARN_UNDECLARED_SELECTOR = YES;
				GCC_WARN_UNINITIALIZED_AUTOS = YES_AGGRESSIVE;
				GCC_WARN_UNUSED_FUNCTION = YES;
				GCC_WARN_UNUSED_VARIABLE = YES;
				IPHONEOS_DEPLOYMENT_TARGET = 16.4;
				MTL_ENABLE_DEBUG_INFO = INCLUDE_SOURCE;
				MTL_FAST_MATH = YES;
				ONLY_ACTIVE_ARCH = YES;
				SDKROOT = iphoneos;
				SWIFT_ACTIVE_COMPILATION_CONDITIONS = DEBUG;
				SWIFT_OPTIMIZATION_LEVEL = "-Onone";
			};
			name = Debug;
		};
		FA7179422A3A9DF8002C407C /* Release */ = {
			isa = XCBuildConfiguration;
			buildSettings = {
				ALWAYS_SEARCH_USER_PATHS = NO;
				CLANG_ANALYZER_NONNULL = YES;
				CLANG_ANALYZER_NUMBER_OBJECT_CONVERSION = YES_AGGRESSIVE;
				CLANG_CXX_LANGUAGE_STANDARD = "gnu++20";
				CLANG_ENABLE_MODULES = YES;
				CLANG_ENABLE_OBJC_ARC = YES;
				CLANG_ENABLE_OBJC_WEAK = YES;
				CLANG_WARN_BLOCK_CAPTURE_AUTORELEASING = YES;
				CLANG_WARN_BOOL_CONVERSION = YES;
				CLANG_WARN_COMMA = YES;
				CLANG_WARN_CONSTANT_CONVERSION = YES;
				CLANG_WARN_DEPRECATED_OBJC_IMPLEMENTATIONS = YES;
				CLANG_WARN_DIRECT_OBJC_ISA_USAGE = YES_ERROR;
				CLANG_WARN_DOCUMENTATION_COMMENTS = YES;
				CLANG_WARN_EMPTY_BODY = YES;
				CLANG_WARN_ENUM_CONVERSION = YES;
				CLANG_WARN_INFINITE_RECURSION = YES;
				CLANG_WARN_INT_CONVERSION = YES;
				CLANG_WARN_NON_LITERAL_NULL_CONVERSION = YES;
				CLANG_WARN_OBJC_IMPLICIT_RETAIN_SELF = YES;
				CLANG_WARN_OBJC_LITERAL_CONVERSION = YES;
				CLANG_WARN_OBJC_ROOT_CLASS = YES_ERROR;
				CLANG_WARN_QUOTED_INCLUDE_IN_FRAMEWORK_HEADER = YES;
				CLANG_WARN_RANGE_LOOP_ANALYSIS = YES;
				CLANG_WARN_STRICT_PROTOTYPES = YES;
				CLANG_WARN_SUSPICIOUS_MOVE = YES;
				CLANG_WARN_UNGUARDED_AVAILABILITY = YES_AGGRESSIVE;
				CLANG_WARN_UNREACHABLE_CODE = YES;
				CLANG_WARN__DUPLICATE_METHOD_MATCH = YES;
				COPY_PHASE_STRIP = NO;
				DEBUG_INFORMATION_FORMAT = "dwarf-with-dsym";
				ENABLE_NS_ASSERTIONS = NO;
				ENABLE_STRICT_OBJC_MSGSEND = YES;
				GCC_C_LANGUAGE_STANDARD = gnu11;
				GCC_NO_COMMON_BLOCKS = YES;
				GCC_WARN_64_TO_32_BIT_CONVERSION = YES;
				GCC_WARN_ABOUT_RETURN_TYPE = YES_ERROR;
				GCC_WARN_UNDECLARED_SELECTOR = YES;
				GCC_WARN_UNINITIALIZED_AUTOS = YES_AGGRESSIVE;
				GCC_WARN_UNUSED_FUNCTION = YES;
				GCC_WARN_UNUSED_VARIABLE = YES;
				IPHONEOS_DEPLOYMENT_TARGET = 16.4;
				MTL_ENABLE_DEBUG_INFO = NO;
				MTL_FAST_MATH = YES;
				SDKROOT = iphoneos;
				SWIFT_COMPILATION_MODE = wholemodule;
				SWIFT_OPTIMIZATION_LEVEL = "-O";
				VALIDATE_PRODUCT = YES;
			};
			name = Release;
		};
		FA7179442A3A9DF8002C407C /* Debug */ = {
			isa = XCBuildConfiguration;
			baseConfigurationReference = DEE07C5BA30E83A3E151349C /* Pods-DrinkWhat.debug.xcconfig */;
			buildSettings = {
				ASSETCATALOG_COMPILER_APPICON_NAME = AppIcon;
				ASSETCATALOG_COMPILER_GLOBAL_ACCENT_COLOR_NAME = AccentColor;
				CODE_SIGN_STYLE = Automatic;
				CURRENT_PROJECT_VERSION = 1;
				DEVELOPMENT_TEAM = NNHJ7Y69AL;
				GENERATE_INFOPLIST_FILE = YES;
				INFOPLIST_FILE = DrinkWhat/Info.plist;
				INFOPLIST_KEY_UIApplicationSupportsIndirectInputEvents = YES;
				INFOPLIST_KEY_UILaunchStoryboardName = LaunchScreen;
				INFOPLIST_KEY_UIMainStoryboardFile = Main;
				INFOPLIST_KEY_UISupportedInterfaceOrientations_iPad = "UIInterfaceOrientationPortrait UIInterfaceOrientationPortraitUpsideDown UIInterfaceOrientationLandscapeLeft UIInterfaceOrientationLandscapeRight";
				INFOPLIST_KEY_UISupportedInterfaceOrientations_iPhone = "UIInterfaceOrientationPortrait UIInterfaceOrientationLandscapeLeft UIInterfaceOrientationLandscapeRight";
				IPHONEOS_DEPLOYMENT_TARGET = 15.0;
				LD_RUNPATH_SEARCH_PATHS = (
					"$(inherited)",
					"@executable_path/Frameworks",
				);
				MARKETING_VERSION = 1.0;
				PRODUCT_BUNDLE_IDENTIFIER = ll.DrinkWhat;
				PRODUCT_NAME = "$(TARGET_NAME)";
				SWIFT_EMIT_LOC_STRINGS = YES;
				SWIFT_VERSION = 5.0;
				TARGETED_DEVICE_FAMILY = "1,2";
			};
			name = Debug;
		};
		FA7179452A3A9DF8002C407C /* Release */ = {
			isa = XCBuildConfiguration;
			baseConfigurationReference = 30934C47FEC6CC2DA01CFD4E /* Pods-DrinkWhat.release.xcconfig */;
			buildSettings = {
				ASSETCATALOG_COMPILER_APPICON_NAME = AppIcon;
				ASSETCATALOG_COMPILER_GLOBAL_ACCENT_COLOR_NAME = AccentColor;
				CODE_SIGN_STYLE = Automatic;
				CURRENT_PROJECT_VERSION = 1;
				DEVELOPMENT_TEAM = NNHJ7Y69AL;
				GENERATE_INFOPLIST_FILE = YES;
				INFOPLIST_FILE = DrinkWhat/Info.plist;
				INFOPLIST_KEY_UIApplicationSupportsIndirectInputEvents = YES;
				INFOPLIST_KEY_UILaunchStoryboardName = LaunchScreen;
				INFOPLIST_KEY_UIMainStoryboardFile = Main;
				INFOPLIST_KEY_UISupportedInterfaceOrientations_iPad = "UIInterfaceOrientationPortrait UIInterfaceOrientationPortraitUpsideDown UIInterfaceOrientationLandscapeLeft UIInterfaceOrientationLandscapeRight";
				INFOPLIST_KEY_UISupportedInterfaceOrientations_iPhone = "UIInterfaceOrientationPortrait UIInterfaceOrientationLandscapeLeft UIInterfaceOrientationLandscapeRight";
				IPHONEOS_DEPLOYMENT_TARGET = 15.0;
				LD_RUNPATH_SEARCH_PATHS = (
					"$(inherited)",
					"@executable_path/Frameworks",
				);
				MARKETING_VERSION = 1.0;
				PRODUCT_BUNDLE_IDENTIFIER = ll.DrinkWhat;
				PRODUCT_NAME = "$(TARGET_NAME)";
				SWIFT_EMIT_LOC_STRINGS = YES;
				SWIFT_VERSION = 5.0;
				TARGETED_DEVICE_FAMILY = "1,2";
			};
			name = Release;
		};
/* End XCBuildConfiguration section */

/* Begin XCConfigurationList section */
		FA71792A2A3A9DF7002C407C /* Build configuration list for PBXProject "DrinkWhat" */ = {
			isa = XCConfigurationList;
			buildConfigurations = (
				FA7179412A3A9DF8002C407C /* Debug */,
				FA7179422A3A9DF8002C407C /* Release */,
			);
			defaultConfigurationIsVisible = 0;
			defaultConfigurationName = Release;
		};
		FA7179432A3A9DF8002C407C /* Build configuration list for PBXNativeTarget "DrinkWhat" */ = {
			isa = XCConfigurationList;
			buildConfigurations = (
				FA7179442A3A9DF8002C407C /* Debug */,
				FA7179452A3A9DF8002C407C /* Release */,
			);
			defaultConfigurationIsVisible = 0;
			defaultConfigurationName = Release;
		};
/* End XCConfigurationList section */
	};
	rootObject = FA7179272A3A9DF7002C407C /* Project object */;
}
